
Microsoft Visual Studio Solution File, Format Version 12.00
# Visual Studio 2012
Project("{FAE04EC0-301F-11D3-BF4B-00C04F79EFBC}") = "ControllerDemo", "ControllerDemo\ControllerDemo.csproj", "{C12495F7-382A-4BDA-B6C9-DA3B85B3B565}"
EndProject
Project("{FAE04EC0-301F-11D3-BF4B-00C04F79EFBC}") = "DataTableCore", "DataTableCore\DataTableCore.csproj", "{98C6344E-955F-4EA6-A4B6-80C25D3CF496}"
EndProject
Project("{FAE04EC0-301F-11D3-BF4B-00C04F79EFBC}") = "FillManage", "FillManage\FillManage.csproj", "{08DF3B10-E552-4B9A-AF29-9F31ACBB5BB1}"
EndProject
Project("{FAE04EC0-301F-11D3-BF4B-00C04F79EFBC}") = "HelloWorld", "HelloWorld\HelloWorld.csproj", "{7DD62138-9364-4D22-8DE5-32D7A69CC94D}"
EndProject
Project("{FAE04EC0-301F-11D3-BF4B-00C04F79EFBC}") = "SplitController", "SplitController\SplitController.csproj", "{3792D069-A664-43FC-B88E-FB18C73DC2A2}"
EndProject
Project("{FAE04EC0-301F-11D3-BF4B-00C04F79EFBC}") = "SQLiteManage", "SQLiteManage\SQLiteManage.csproj", "{F72C050A-83A6-448F-A816-BAAF400DF6EA}"
EndProject
Project("{FAE04EC0-301F-11D3-BF4B-00C04F79EFBC}") = "StoryBoard", "StoryBoard\StoryBoard.csproj", "{26BA521B-3DB9-48FF-B04F-DEAA695AAD0F}"
EndProject
Project("{FAE04EC0-301F-11D3-BF4B-00C04F79EFBC}") = "TableView", "TableView\TableView.csproj", "{7465CFDC-AF64-4657-A4D9-6418EE407AF3}"
EndProject
Project("{FAE04EC0-301F-11D3-BF4B-00C04F79EFBC}") = "UnwindSegue", "UnwindSegue\UnwindSegue.csproj", "{AFC4718E-C256-47D4-A24A-68549F0C2735}"
EndProject
Project("{FAE04EC0-301F-11D3-BF4B-00C04F79EFBC}") = "WebViewCore", "WebViewCore\WebViewCore.csproj", "{08E97FEF-868C-4CFA-9727-2926700247D5}"
EndProject
Project("{FAE04EC0-301F-11D3-BF4B-00C04F79EFBC}") = "Media", "Media\Media.csproj", "{06E70247-82B1-4A0D-89AE-BA3ABCAF800A}"
EndProject
Project("{FAE04EC0-301F-11D3-BF4B-00C04F79EFBC}") = "MapCore", "MapCore\MapCore.csproj", "{D65A2232-EC3D-4A70-B1F0-E60B5F8AD619}"
EndProject
Global
	GlobalSection(SolutionConfigurationPlatforms) = preSolution
		Debug|iPhoneSimulator = Debug|iPhoneSimulator
		Release|iPhone = Release|iPhone
		Release|iPhoneSimulator = Release|iPhoneSimulator
		Debug|iPhone = Debug|iPhone
	EndGlobalSection
	GlobalSection(ProjectConfigurationPlatforms) = postSolution
		{06E70247-82B1-4A0D-89AE-BA3ABCAF800A}.Debug|iPhone.ActiveCfg = Debug|iPhone
		{06E70247-82B1-4A0D-89AE-BA3ABCAF800A}.Debug|iPhone.Build.0 = Debug|iPhone
		{06E70247-82B1-4A0D-89AE-BA3ABCAF800A}.Debug|iPhoneSimulator.ActiveCfg = Debug|iPhoneSimulator
		{06E70247-82B1-4A0D-89AE-BA3ABCAF800A}.Debug|iPhoneSimulator.Build.0 = Debug|iPhoneSimulator
		{06E70247-82B1-4A0D-89AE-BA3ABCAF800A}.Release|iPhone.ActiveCfg = Release|iPhone
		{06E70247-82B1-4A0D-89AE-BA3ABCAF800A}.Release|iPhone.Build.0 = Release|iPhone
		{06E70247-82B1-4A0D-89AE-BA3ABCAF800A}.Release|iPhoneSimulator.ActiveCfg = Release|iPhoneSimulator
		{06E70247-82B1-4A0D-89AE-BA3ABCAF800A}.Release|iPhoneSimulator.Build.0 = Release|iPhoneSimulator
		{08DF3B10-E552-4B9A-AF29-9F31ACBB5BB1}.Debug|iPhone.ActiveCfg = Debug|iPhone
		{08DF3B10-E552-4B9A-AF29-9F31ACBB5BB1}.Debug|iPhone.Build.0 = Debug|iPhone
		{08DF3B10-E552-4B9A-AF29-9F31ACBB5BB1}.Debug|iPhoneSimulator.ActiveCfg = Debug|iPhoneSimulator
		{08DF3B10-E552-4B9A-AF29-9F31ACBB5BB1}.Debug|iPhoneSimulator.Build.0 = Debug|iPhoneSimulator
		{08DF3B10-E552-4B9A-AF29-9F31ACBB5BB1}.Release|iPhone.ActiveCfg = Release|iPhone
		{08DF3B10-E552-4B9A-AF29-9F31ACBB5BB1}.Release|iPhone.Build.0 = Release|iPhone
		{08DF3B10-E552-4B9A-AF29-9F31ACBB5BB1}.Release|iPhoneSimulator.ActiveCfg = Release|iPhoneSimulator
		{08DF3B10-E552-4B9A-AF29-9F31ACBB5BB1}.Release|iPhoneSimulator.Build.0 = Release|iPhoneSimulator
		{08E97FEF-868C-4CFA-9727-2926700247D5}.Debug|iPhone.ActiveCfg = Debug|iPhone
		{08E97FEF-868C-4CFA-9727-2926700247D5}.Debug|iPhone.Build.0 = Debug|iPhone
		{08E97FEF-868C-4CFA-9727-2926700247D5}.Debug|iPhoneSimulator.ActiveCfg = Debug|iPhoneSimulator
		{08E97FEF-868C-4CFA-9727-2926700247D5}.Debug|iPhoneSimulator.Build.0 = Debug|iPhoneSimulator
		{08E97FEF-868C-4CFA-9727-2926700247D5}.Release|iPhone.ActiveCfg = Release|iPhone
		{08E97FEF-868C-4CFA-9727-2926700247D5}.Release|iPhone.Build.0 = Release|iPhone
		{08E97FEF-868C-4CFA-9727-2926700247D5}.Release|iPhoneSimulator.ActiveCfg = Release|iPhoneSimulator
		{08E97FEF-868C-4CFA-9727-2926700247D5}.Release|iPhoneSimulator.Build.0 = Release|iPhoneSimulator
		{26BA521B-3DB9-48FF-B04F-DEAA695AAD0F}.Debug|iPhone.ActiveCfg = Debug|iPhone
		{26BA521B-3DB9-48FF-B04F-DEAA695AAD0F}.Debug|iPhone.Build.0 = Debug|iPhone
		{26BA521B-3DB9-48FF-B04F-DEAA695AAD0F}.Debug|iPhoneSimulator.ActiveCfg = Debug|iPhoneSimulator
		{26BA521B-3DB9-48FF-B04F-DEAA695AAD0F}.Debug|iPhoneSimulator.Build.0 = Debug|iPhoneSimulator
		{26BA521B-3DB9-48FF-B04F-DEAA695AAD0F}.Release|iPhone.ActiveCfg = Release|iPhone
		{26BA521B-3DB9-48FF-B04F-DEAA695AAD0F}.Release|iPhone.Build.0 = Release|iPhone
		{26BA521B-3DB9-48FF-B04F-DEAA695AAD0F}.Release|iPhoneSimulator.ActiveCfg = Release|iPhoneSimulator
		{26BA521B-3DB9-48FF-B04F-DEAA695AAD0F}.Release|iPhoneSimulator.Build.0 = Release|iPhoneSimulator
		{3792D069-A664-43FC-B88E-FB18C73DC2A2}.Debug|iPhone.ActiveCfg = Debug|iPhone
		{3792D069-A664-43FC-B88E-FB18C73DC2A2}.Debug|iPhone.Build.0 = Debug|iPhone
		{3792D069-A664-43FC-B88E-FB18C73DC2A2}.Debug|iPhoneSimulator.ActiveCfg = Debug|iPhoneSimulator
		{3792D069-A664-43FC-B88E-FB18C73DC2A2}.Debug|iPhoneSimulator.Build.0 = Debug|iPhoneSimulator
		{3792D069-A664-43FC-B88E-FB18C73DC2A2}.Release|iPhone.ActiveCfg = Release|iPhone
		{3792D069-A664-43FC-B88E-FB18C73DC2A2}.Release|iPhone.Build.0 = Release|iPhone
		{3792D069-A664-43FC-B88E-FB18C73DC2A2}.Release|iPhoneSimulator.ActiveCfg = Release|iPhoneSimulator
		{3792D069-A664-43FC-B88E-FB18C73DC2A2}.Release|iPhoneSimulator.Build.0 = Release|iPhoneSimulator
		{7465CFDC-AF64-4657-A4D9-6418EE407AF3}.Debug|iPhone.ActiveCfg = Debug|iPhone
		{7465CFDC-AF64-4657-A4D9-6418EE407AF3}.Debug|iPhone.Build.0 = Debug|iPhone
		{7465CFDC-AF64-4657-A4D9-6418EE407AF3}.Debug|iPhoneSimulator.ActiveCfg = Debug|iPhoneSimulator
		{7465CFDC-AF64-4657-A4D9-6418EE407AF3}.Debug|iPhoneSimulator.Build.0 = Debug|iPhoneSimulator
		{7465CFDC-AF64-4657-A4D9-6418EE407AF3}.Release|iPhone.ActiveCfg = Release|iPhone
		{7465CFDC-AF64-4657-A4D9-6418EE407AF3}.Release|iPhone.Build.0 = Release|iPhone
		{7465CFDC-AF64-4657-A4D9-6418EE407AF3}.Release|iPhoneSimulator.ActiveCfg = Release|iPhoneSimulator
		{7465CFDC-AF64-4657-A4D9-6418EE407AF3}.Release|iPhoneSimulator.Build.0 = Release|iPhoneSimulator
		{7DD62138-9364-4D22-8DE5-32D7A69CC94D}.Debug|iPhone.ActiveCfg = Debug|iPhone
		{7DD62138-9364-4D22-8DE5-32D7A69CC94D}.Debug|iPhone.Build.0 = Debug|iPhone
		{7DD62138-9364-4D22-8DE5-32D7A69CC94D}.Debug|iPhoneSimulator.ActiveCfg = Debug|iPhoneSimulator
		{7DD62138-9364-4D22-8DE5-32D7A69CC94D}.Debug|iPhoneSimulator.Build.0 = Debug|iPhoneSimulator
		{7DD62138-9364-4D22-8DE5-32D7A69CC94D}.Release|iPhone.ActiveCfg = Release|iPhone
		{7DD62138-9364-4D22-8DE5-32D7A69CC94D}.Release|iPhone.Build.0 = Release|iPhone
		{7DD62138-9364-4D22-8DE5-32D7A69CC94D}.Release|iPhoneSimulator.ActiveCfg = Release|iPhoneSimulator
		{7DD62138-9364-4D22-8DE5-32D7A69CC94D}.Release|iPhoneSimulator.Build.0 = Release|iPhoneSimulator
		{98C6344E-955F-4EA6-A4B6-80C25D3CF496}.Debug|iPhone.ActiveCfg = Debug|iPhone
		{98C6344E-955F-4EA6-A4B6-80C25D3CF496}.Debug|iPhone.Build.0 = Debug|iPhone
		{98C6344E-955F-4EA6-A4B6-80C25D3CF496}.Debug|iPhoneSimulator.ActiveCfg = Debug|iPhoneSimulator
		{98C6344E-955F-4EA6-A4B6-80C25D3CF496}.Debug|iPhoneSimulator.Build.0 = Debug|iPhoneSimulator
		{98C6344E-955F-4EA6-A4B6-80C25D3CF496}.Release|iPhone.ActiveCfg = Release|iPhone
		{98C6344E-955F-4EA6-A4B6-80C25D3CF496}.Release|iPhone.Build.0 = Release|iPhone
		{98C6344E-955F-4EA6-A4B6-80C25D3CF496}.Release|iPhoneSimulator.ActiveCfg = Release|iPhoneSimulator
		{98C6344E-955F-4EA6-A4B6-80C25D3CF496}.Release|iPhoneSimulator.Build.0 = Release|iPhoneSimulator
		{AFC4718E-C256-47D4-A24A-68549F0C2735}.Debug|iPhone.ActiveCfg = Debug|iPhone
		{AFC4718E-C256-47D4-A24A-68549F0C2735}.Debug|iPhone.Build.0 = Debug|iPhone
		{AFC4718E-C256-47D4-A24A-68549F0C2735}.Debug|iPhoneSimulator.ActiveCfg = Debug|iPhoneSimulator
		{AFC4718E-C256-47D4-A24A-68549F0C2735}.Debug|iPhoneSimulator.Build.0 = Debug|iPhoneSimulator
		{AFC4718E-C256-47D4-A24A-68549F0C2735}.Release|iPhone.ActiveCfg = Release|iPhone
		{AFC4718E-C256-47D4-A24A-68549F0C2735}.Release|iPhone.Build.0 = Release|iPhone
		{AFC4718E-C256-47D4-A24A-68549F0C2735}.Release|iPhoneSimulator.ActiveCfg = Release|iPhoneSimulator
		{AFC4718E-C256-47D4-A24A-68549F0C2735}.Release|iPhoneSimulator.Build.0 = Release|iPhoneSimulator
		{C12495F7-382A-4BDA-B6C9-DA3B85B3B565}.Debug|iPhone.ActiveCfg = Debug|iPhone
		{C12495F7-382A-4BDA-B6C9-DA3B85B3B565}.Debug|iPhone.Build.0 = Debug|iPhone
		{C12495F7-382A-4BDA-B6C9-DA3B85B3B565}.Debug|iPhoneSimulator.ActiveCfg = Debug|iPhoneSimulator
		{C12495F7-382A-4BDA-B6C9-DA3B85B3B565}.Debug|iPhoneSimulator.Build.0 = Debug|iPhoneSimulator
		{C12495F7-382A-4BDA-B6C9-DA3B85B3B565}.Release|iPhone.ActiveCfg = Release|iPhone
		{C12495F7-382A-4BDA-B6C9-DA3B85B3B565}.Release|iPhone.Build.0 = Release|iPhone
		{C12495F7-382A-4BDA-B6C9-DA3B85B3B565}.Release|iPhoneSimulator.ActiveCfg = Release|iPhoneSimulator
		{C12495F7-382A-4BDA-B6C9-DA3B85B3B565}.Release|iPhoneSimulator.Build.0 = Release|iPhoneSimulator
		{D65A2232-EC3D-4A70-B1F0-E60B5F8AD619}.Debug|iPhone.ActiveCfg = Debug|iPhone
		{D65A2232-EC3D-4A70-B1F0-E60B5F8AD619}.Debug|iPhone.Build.0 = Debug|iPhone
		{D65A2232-EC3D-4A70-B1F0-E60B5F8AD619}.Debug|iPhoneSimulator.ActiveCfg = Debug|iPhoneSimulator
		{D65A2232-EC3D-4A70-B1F0-E60B5F8AD619}.Debug|iPhoneSimulator.Build.0 = Debug|iPhoneSimulator
		{D65A2232-EC3D-4A70-B1F0-E60B5F8AD619}.Release|iPhone.ActiveCfg = Release|iPhone
		{D65A2232-EC3D-4A70-B1F0-E60B5F8AD619}.Release|iPhone.Build.0 = Release|iPhone
		{D65A2232-EC3D-4A70-B1F0-E60B5F8AD619}.Release|iPhoneSimulator.ActiveCfg = Release|iPhoneSimulator
		{D65A2232-EC3D-4A70-B1F0-E60B5F8AD619}.Release|iPhoneSimulator.Build.0 = Release|iPhoneSimulator
		{F72C050A-83A6-448F-A816-BAAF400DF6EA}.Debug|iPhone.ActiveCfg = Debug|iPhone
		{F72C050A-83A6-448F-A816-BAAF400DF6EA}.Debug|iPhone.Build.0 = Debug|iPhone
		{F72C050A-83A6-448F-A816-BAAF400DF6EA}.Debug|iPhoneSimulator.ActiveCfg = Debug|iPhoneSimulator
		{F72C050A-83A6-448F-A816-BAAF400DF6EA}.Debug|iPhoneSimulator.Build.0 = Debug|iPhoneSimulator
		{F72C050A-83A6-448F-A816-BAAF400DF6EA}.Release|iPhone.ActiveCfg = Release|iPhone
		{F72C050A-83A6-448F-A816-BAAF400DF6EA}.Release|iPhone.Build.0 = Release|iPhone
		{F72C050A-83A6-448F-A816-BAAF400DF6EA}.Release|iPhoneSimulator.ActiveCfg = Release|iPhoneSimulator
		{F72C050A-83A6-448F-A816-BAAF400DF6EA}.Release|iPhoneSimulator.Build.0 = Release|iPhoneSimulator
	EndGlobalSection
EndGlobal
